
Microsoft Visual Studio Solution File, Format Version 12.00
# Visual Studio Version 17
VisualStudioVersion = 17.7.34024.191
MinimumVisualStudioVersion = 10.0.40219.1
Project("{9A19103F-16F7-4668-BE54-9A1E7A4F7556}") = "MagusClass", "MagusClass.csproj", "{6761E9E9-DC31-4959-8003-CD97A938BB18}"
EndProject
Global
	GlobalSection(SolutionConfigurationPlatforms) = preSolution
		Debug|Any CPU = Debug|Any CPU
		Release|Any CPU = Release|Any CPU
	EndGlobalSection
	GlobalSection(ProjectConfigurationPlatforms) = postSolution
		{6761E9E9-DC31-4959-8003-CD97A938BB18}.Debug|Any CPU.ActiveCfg = Debug|Any CPU
		{6761E9E9-DC31-4959-8003-CD97A938BB18}.Debug|Any CPU.Build.0 = Debug|Any CPU
		{6761E9E9-DC31-4959-8003-CD97A938BB18}.Release|Any CPU.ActiveCfg = Release|Any CPU
		{6761E9E9-DC31-4959-8003-CD97A938BB18}.Release|Any CPU.Build.0 = Release|Any CPU
	EndGlobalSection
	GlobalSection(SolutionProperties) = preSolution
		HideSolutionNode = FALSE
	EndGlobalSection
	GlobalSection(ExtensibilityGlobals) = postSolution
		SolutionGuid = {1473542A-0927-468D-916F-F4B0B9F2891B}
	EndGlobalSection
EndGlobal
